Microsoft Visual Studio Solution File, Format Version 8.00
Project("{FAE04EC0-301F-11D3-BF4B-00C04F79EFBC}") = "CPI.DirectoryServices", "CPI.DirectoryServices\CPI.DirectoryServices.csproj", "{A7586740-2503-41AD-ABA8-EB523BE17153}"
	ProjectSection(ProjectDependencies) = postProject
	EndProjectSection
EndProject
Project("{FAE04EC0-301F-11D3-BF4B-00C04F79EFBC}") = "SampleCode", "SampleCode\SampleCode.csproj", "{53FD0196-7834-4A51-9295-C94970F275CC}"
	ProjectSection(ProjectDependencies) = postProject
	EndProjectSection
EndProject
Project("{FAE04EC0-301F-11D3-BF4B-00C04F79EFBC}") = "NUnitTests", "NUnitTests\NUnitTests.csproj", "{A9110B44-4B2A-4FFD-B441-D27EAAF2AED7}"
	ProjectSection(ProjectDependencies) = postProject
	EndProjectSection
EndProject
Global
	GlobalSection(SolutionConfiguration) = preSolution
		Debug = Debug
		Release = Release
	EndGlobalSection
	GlobalSection(ProjectConfiguration) = postSolution
		{A7586740-2503-41AD-ABA8-EB523BE17153}.Debug.ActiveCfg = Debug|.NET
		{A7586740-2503-41AD-ABA8-EB523BE17153}.Debug.Build.0 = Debug|.NET
		{A7586740-2503-41AD-ABA8-EB523BE17153}.Release.ActiveCfg = Release|.NET
		{A7586740-2503-41AD-ABA8-EB523BE17153}.Release.Build.0 = Release|.NET
		{53FD0196-7834-4A51-9295-C94970F275CC}.Debug.ActiveCfg = Debug|.NET
		{53FD0196-7834-4A51-9295-C94970F275CC}.Debug.Build.0 = Debug|.NET
		{53FD0196-7834-4A51-9295-C94970F275CC}.Release.ActiveCfg = Release|.NET
		{53FD0196-7834-4A51-9295-C94970F275CC}.Release.Build.0 = Release|.NET
		{A9110B44-4B2A-4FFD-B441-D27EAAF2AED7}.Debug.ActiveCfg = Debug|.NET
		{A9110B44-4B2A-4FFD-B441-D27EAAF2AED7}.Debug.Build.0 = Debug|.NET
		{A9110B44-4B2A-4FFD-B441-D27EAAF2AED7}.Release.ActiveCfg = Release|.NET
		{A9110B44-4B2A-4FFD-B441-D27EAAF2AED7}.Release.Build.0 = Release|.NET
	EndGlobalSection
	GlobalSection(ExtensibilityGlobals) = postSolution
	EndGlobalSection
	GlobalSection(ExtensibilityAddIns) = postSolution
	EndGlobalSection
EndGlobal
